// !$*UTF8*$!
{
	archiveVersion = 1;
	classes = {
	};
	objectVersion = 46;
	objects = {

/* Begin PBXBuildFile section */
		DC13F5BE1AFF604D00017A33 /* NumberCollectionViewCell.m in Sources */ = {isa = PBXBuildFile; fileRef = DC13F5BC1AFF604D00017A33 /* NumberCollectionViewCell.m */; };
		DC13F5BF1AFF604D00017A33 /* NumberCollectionViewCell.xib in Resources */ = {isa = PBXBuildFile; fileRef = DC13F5BD1AFF604D00017A33 /* NumberCollectionViewCell.xib */; };
		DC13F5C31AFF606200017A33 /* NumberView.m in Sources */ = {isa = PBXBuildFile; fileRef = DC13F5C21AFF606200017A33 /* NumberView.m */; };
		DC62B43B1B04AD3100158525 /* DetailViewController.m in Sources */ = {isa = PBXBuildFile; fileRef = DC62B43A1B04AD3100158525 /* DetailViewController.m */; };
		DC62B4431B04C94700158525 /* PredefinedColors.plist in Resources */ = {isa = PBXBuildFile; fileRef = DC62B4421B04C94700158525 /* PredefinedColors.plist */; };
		DC953B101B00A16500374724 /* DateCollectionViewCell-RightSide.xib in Resources */ = {isa = PBXBuildFile; fileRef = DC953B0F1B00A16500374724 /* DateCollectionViewCell-RightSide.xib */; };
		DC9B3F101B07156A009EC1D7 /* MapCollectionViewCell.m in Sources */ = {isa = PBXBuildFile; fileRef = DC9B3EF51B07156A009EC1D7 /* MapCollectionViewCell.m */; };
		DC9B3F111B07156A009EC1D7 /* MapCollectionViewCell.xib in Resources */ = {isa = PBXBuildFile; fileRef = DC9B3EF61B07156A009EC1D7 /* MapCollectionViewCell.xib */; };
		DC9B3F121B07156A009EC1D7 /* NoteCollectionViewCell.m in Sources */ = {isa = PBXBuildFile; fileRef = DC9B3EF81B07156A009EC1D7 /* NoteCollectionViewCell.m */; };
		DC9B3F131B07156A009EC1D7 /* NoteCollectionViewCell.xib in Resources */ = {isa = PBXBuildFile; fileRef = DC9B3EF91B07156A009EC1D7 /* NoteCollectionViewCell.xib */; };
		DC9B3F141B07156A009EC1D7 /* PBCollectionViewCell.m in Sources */ = {isa = PBXBuildFile; fileRef = DC9B3EFB1B07156A009EC1D7 /* PBCollectionViewCell.m */; };
		DC9B3F151B07156A009EC1D7 /* PhotoCollectionViewCell.m in Sources */ = {isa = PBXBuildFile; fileRef = DC9B3EFD1B07156A009EC1D7 /* PhotoCollectionViewCell.m */; };
		DC9B3F161B07156A009EC1D7 /* PhotoCollectionViewCell.xib in Resources */ = {isa = PBXBuildFile; fileRef = DC9B3EFE1B07156A009EC1D7 /* PhotoCollectionViewCell.xib */; };
		DC9B3F171B07156A009EC1D7 /* PlacesCollectionViewCell.m in Sources */ = {isa = PBXBuildFile; fileRef = DC9B3F001B07156A009EC1D7 /* PlacesCollectionViewCell.m */; };
		DC9B3F181B07156A009EC1D7 /* PlacesCollectionViewCell.xib in Resources */ = {isa = PBXBuildFile; fileRef = DC9B3F011B07156A009EC1D7 /* PlacesCollectionViewCell.xib */; };
		DC9B3F191B07156A009EC1D7 /* TileCollectionViewLayout.m in Sources */ = {isa = PBXBuildFile; fileRef = DC9B3F031B07156A009EC1D7 /* TileCollectionViewLayout.m */; };
		DC9B3F1A1B07156A009EC1D7 /* ToDoCollectionViewCell.m in Sources */ = {isa = PBXBuildFile; fileRef = DC9B3F051B07156A009EC1D7 /* ToDoCollectionViewCell.m */; };
		DC9B3F1B1B07156A009EC1D7 /* ToDoCollectionViewCell.xib in Resources */ = {isa = PBXBuildFile; fileRef = DC9B3F061B07156A009EC1D7 /* ToDoCollectionViewCell.xib */; };
		DC9B3F1C1B07156A009EC1D7 /* TopMomentsCollectionViewCell.m in Sources */ = {isa = PBXBuildFile; fileRef = DC9B3F081B07156A009EC1D7 /* TopMomentsCollectionViewCell.m */; };
		DC9B3F1D1B07156A009EC1D7 /* TopMomentsCollectionViewCell.xib in Resources */ = {isa = PBXBuildFile; fileRef = DC9B3F091B07156A009EC1D7 /* TopMomentsCollectionViewCell.xib */; };
		DC9B3F1E1B07156A009EC1D7 /* TripDetailCollectionViewCell.m in Sources */ = {isa = PBXBuildFile; fileRef = DC9B3F0B1B07156A009EC1D7 /* TripDetailCollectionViewCell.m */; };
		DC9B3F1F1B07156A009EC1D7 /* TripDetailCollectionViewCell.xib in Resources */ = {isa = PBXBuildFile; fileRef = DC9B3F0C1B07156A009EC1D7 /* TripDetailCollectionViewCell.xib */; };
		DC9B3F201B07156A009EC1D7 /* WeatherCollectionViewCell.m in Sources */ = {isa = PBXBuildFile; fileRef = DC9B3F0E1B07156A009EC1D7 /* WeatherCollectionViewCell.m */; };
		DC9B3F211B07156A009EC1D7 /* WeatherCollectionViewCell.xib in Resources */ = {isa = PBXBuildFile; fileRef = DC9B3F0F1B07156A009EC1D7 /* WeatherCollectionViewCell.xib */; };
		DCA09E801AFDF27D00D96118 /* main.m in Sources */ = {isa = PBXBuildFile; fileRef = DCA09E7F1AFDF27D00D96118 /* main.m */; };
		DCA09E831AFDF27D00D96118 /* AppDelegate.m in Sources */ = {isa = PBXBuildFile; fileRef = DCA09E821AFDF27D00D96118 /* AppDelegate.m */; };
		DCA09E861AFDF27D00D96118 /* ViewController.m in Sources */ = {isa = PBXBuildFile; fileRef = DCA09E851AFDF27D00D96118 /* ViewController.m */; };
		DCA09E891AFDF27D00D96118 /* Main.storyboard in Resources */ = {isa = PBXBuildFile; fileRef = DCA09E871AFDF27D00D96118 /* Main.storyboard */; };
		DCA09E8B1AFDF27D00D96118 /* Images.xcassets in Resources */ = {isa = PBXBuildFile; fileRef = DCA09E8A1AFDF27D00D96118 /* Images.xcassets */; };
		DCA09E8E1AFDF27D00D96118 /* LaunchScreen.xib in Resources */ = {isa = PBXBuildFile; fileRef = DCA09E8C1AFDF27D00D96118 /* LaunchScreen.xib */; };
		DCA09EA81AFDF96700D96118 /* TimelineCollectionViewLayout.m in Sources */ = {isa = PBXBuildFile; fileRef = DCA09EA61AFDF96700D96118 /* TimelineCollectionViewLayout.m */; };
		DCA09EAB1AFDF9C300D96118 /* TimelineCollectionView.m in Sources */ = {isa = PBXBuildFile; fileRef = DCA09EAA1AFDF9C300D96118 /* TimelineCollectionView.m */; };
		DCA09EAF1AFE039C00D96118 /* TimelineCollectionViewCell.m in Sources */ = {isa = PBXBuildFile; fileRef = DCA09EAD1AFE039C00D96118 /* TimelineCollectionViewCell.m */; };
		DCA09EB01AFE039C00D96118 /* TimelineCollectionViewCell.xib in Resources */ = {isa = PBXBuildFile; fileRef = DCA09EAE1AFE039C00D96118 /* TimelineCollectionViewCell.xib */; };
		DCA09EB41AFE03B100D96118 /* DateCollectionViewCell.m in Sources */ = {isa = PBXBuildFile; fileRef = DCA09EB21AFE03B100D96118 /* DateCollectionViewCell.m */; };
		DCA09EB51AFE03B100D96118 /* DateCollectionViewCell.xib in Resources */ = {isa = PBXBuildFile; fileRef = DCA09EB31AFE03B100D96118 /* DateCollectionViewCell.xib */; };
		DCB27E9A1B02086E007E50FF /* UICollectionViewLayoutAttributesWithAnimation.m in Sources */ = {isa = PBXBuildFile; fileRef = DCB27E991B02086E007E50FF /* UICollectionViewLayoutAttributesWithAnimation.m */; };
		DCE51FC71AFE3498000F5763 /* CoreMotion.framework in Frameworks */ = {isa = PBXBuildFile; fileRef = DCE51FC61AFE3498000F5763 /* CoreMotion.framework */; };
		DCE51FC81AFE34C8000F5763 /* libMtZendoLib.a in Frameworks */ = {isa = PBXBuildFile; fileRef = DCE51FC11AFE3478000F5763 /* libMtZendoLib.a */; };
		DCE51FCA1AFE358B000F5763 /* CoreData.framework in Frameworks */ = {isa = PBXBuildFile; fileRef = DCE51FC91AFE358B000F5763 /* CoreData.framework */; };
/* End PBXBuildFile section */

/* Begin PBXContainerItemProxy section */
		DCE51FC01AFE3478000F5763 /* PBXContainerItemProxy */ = {
			isa = PBXContainerItemProxy;
			containerPortal = DCE51FBB1AFE3477000F5763 /* MtZendoLib.xcodeproj */;
			proxyType = 2;
			remoteGlobalIDString = D2AAC07E0554694100DB518D;
			remoteInfo = MtZendoLib;
		};
		DCE51FC21AFE3478000F5763 /* PBXContainerItemProxy */ = {
			isa = PBXContainerItemProxy;
			containerPortal = DCE51FBB1AFE3477000F5763 /* MtZendoLib.xcodeproj */;
			proxyType = 2;
			remoteGlobalIDString = DCDA23261AC56E190024CCD9;
			remoteInfo = LibDemoTests;
		};
		DCE51FC41AFE348E000F5763 /* PBXContainerItemProxy */ = {
			isa = PBXContainerItemProxy;
			containerPortal = DCE51FBB1AFE3477000F5763 /* MtZendoLib.xcodeproj */;
			proxyType = 1;
			remoteGlobalIDString = D2AAC07D0554694100DB518D;
			remoteInfo = MtZendoLib;
		};
/* End PBXContainerItemProxy section */

/* Begin PBXFileReference section */
		DC13F5BB1AFF604D00017A33 /* NumberCollectionViewCell.h */ = {isa = PBXFileReference; fileEncoding = 4; lastKnownFileType = sourcecode.c.h; path = NumberCollectionViewCell.h; sourceTree = "<group>"; };
		DC13F5BC1AFF604D00017A33 /* NumberCollectionViewCell.m */ = {isa = PBXFileReference; fileEncoding = 4; lastKnownFileType = sourcecode.c.objc; path = NumberCollectionViewCell.m; sourceTree = "<group>"; };
		DC13F5BD1AFF604D00017A33 /* NumberCollectionViewCell.xib */ = {isa = PBXFileReference; fileEncoding = 4; lastKnownFileType = file.xib; path = NumberCollectionViewCell.xib; sourceTree = "<group>"; };
		DC13F5C11AFF606200017A33 /* NumberView.h */ = {isa = PBXFileReference; fileEncoding = 4; lastKnownFileType = sourcecode.c.h; path = NumberView.h; sourceTree = "<group>"; };
		DC13F5C21AFF606200017A33 /* NumberView.m */ = {isa = PBXFileReference; fileEncoding = 4; lastKnownFileType = sourcecode.c.objc; path = NumberView.m; sourceTree = "<group>"; };
		DC62B4391B04AD3100158525 /* DetailViewController.h */ = {isa = PBXFileReference; fileEncoding = 4; lastKnownFileType = sourcecode.c.h; path = DetailViewController.h; sourceTree = "<group>"; };
		DC62B43A1B04AD3100158525 /* DetailViewController.m */ = {isa = PBXFileReference; fileEncoding = 4; lastKnownFileType = sourcecode.c.objc; path = DetailViewController.m; sourceTree = "<group>"; };
		DC62B4421B04C94700158525 /* PredefinedColors.plist */ = {isa = PBXFileReference; fileEncoding = 4; lastKnownFileType = text.plist.xml; path = PredefinedColors.plist; sourceTree = "<group>"; };
		DC953B0F1B00A16500374724 /* DateCollectionViewCell-RightSide.xib */ = {isa = PBXFileReference; fileEncoding = 4; lastKnownFileType = file.xib; path = "DateCollectionViewCell-RightSide.xib"; sourceTree = "<group>"; };
		DC9B3EF41B07156A009EC1D7 /* MapCollectionViewCell.h */ = {isa = PBXFileReference; fileEncoding = 4; lastKnownFileType = sourcecode.c.h; name = MapCollectionViewCell.h; path = Detail/MapCollectionViewCell.h; sourceTree = "<group>"; };
		DC9B3EF51B07156A009EC1D7 /* MapCollectionViewCell.m */ = {isa = PBXFileReference; fileEncoding = 4; lastKnownFileType = sourcecode.c.objc; name = MapCollectionViewCell.m; path = Detail/MapCollectionViewCell.m; sourceTree = "<group>"; };
		DC9B3EF61B07156A009EC1D7 /* MapCollectionViewCell.xib */ = {isa = PBXFileReference; fileEncoding = 4; lastKnownFileType = file.xib; name = MapCollectionViewCell.xib; path = Detail/MapCollectionViewCell.xib; sourceTree = "<group>"; };
		DC9B3EF71B07156A009EC1D7 /* NoteCollectionViewCell.h */ = {isa = PBXFileReference; fileEncoding = 4; lastKnownFileType = sourcecode.c.h; name = NoteCollectionViewCell.h; path = Detail/NoteCollectionViewCell.h; sourceTree = "<group>"; };
		DC9B3EF81B07156A009EC1D7 /* NoteCollectionViewCell.m */ = {isa = PBXFileReference; fileEncoding = 4; lastKnownFileType = sourcecode.c.objc; name = NoteCollectionViewCell.m; path = Detail/NoteCollectionViewCell.m; sourceTree = "<group>"; };
		DC9B3EF91B07156A009EC1D7 /* NoteCollectionViewCell.xib */ = {isa = PBXFileReference; fileEncoding = 4; lastKnownFileType = file.xib; name = NoteCollectionViewCell.xib; path = Detail/NoteCollectionViewCell.xib; sourceTree = "<group>"; };
		DC9B3EFA1B07156A009EC1D7 /* PBCollectionViewCell.h */ = {isa = PBXFileReference; fileEncoding = 4; lastKnownFileType = sourcecode.c.h; name = PBCollectionViewCell.h; path = Detail/PBCollectionViewCell.h; sourceTree = "<group>"; };
		DC9B3EFB1B07156A009EC1D7 /* PBCollectionViewCell.m */ = {isa = PBXFileReference; fileEncoding = 4; lastKnownFileType = sourcecode.c.objc; name = PBCollectionViewCell.m; path = Detail/PBCollectionViewCell.m; sourceTree = "<group>"; };
		DC9B3EFC1B07156A009EC1D7 /* PhotoCollectionViewCell.h */ = {isa = PBXFileReference; fileEncoding = 4; lastKnownFileType = sourcecode.c.h; name = PhotoCollectionViewCell.h; path = Detail/PhotoCollectionViewCell.h; sourceTree = "<group>"; };
		DC9B3EFD1B07156A009EC1D7 /* PhotoCollectionViewCell.m */ = {isa = PBXFileReference; fileEncoding = 4; lastKnownFileType = sourcecode.c.objc; name = PhotoCollectionViewCell.m; path = Detail/PhotoCollectionViewCell.m; sourceTree = "<group>"; };
		DC9B3EFE1B07156A009EC1D7 /* PhotoCollectionViewCell.xib */ = {isa = PBXFileReference; fileEncoding = 4; lastKnownFileType = file.xib; name = PhotoCollectionViewCell.xib; path = Detail/PhotoCollectionViewCell.xib; sourceTree = "<group>"; };
		DC9B3EFF1B07156A009EC1D7 /* PlacesCollectionViewCell.h */ = {isa = PBXFileReference; fileEncoding = 4; lastKnownFileType = sourcecode.c.h; name = PlacesCollectionViewCell.h; path = Detail/PlacesCollectionViewCell.h; sourceTree = "<group>"; };
		DC9B3F001B07156A009EC1D7 /* PlacesCollectionViewCell.m */ = {isa = PBXFileReference; fileEncoding = 4; lastKnownFileType = sourcecode.c.objc; name = PlacesCollectionViewCell.m; path = Detail/PlacesCollectionViewCell.m; sourceTree = "<group>"; };
		DC9B3F011B07156A009EC1D7 /* PlacesCollectionViewCell.xib */ = {isa = PBXFileReference; fileEncoding = 4; lastKnownFileType = file.xib; name = PlacesCollectionViewCell.xib; path = Detail/PlacesCollectionViewCell.xib; sourceTree = "<group>"; };
		DC9B3F021B07156A009EC1D7 /* TileCollectionViewLayout.h */ = {isa = PBXFileReference; fileEncoding = 4; lastKnownFileType = sourcecode.c.h; name = TileCollectionViewLayout.h; path = Detail/TileCollectionViewLayout.h; sourceTree = "<group>"; };
		DC9B3F031B07156A009EC1D7 /* TileCollectionViewLayout.m */ = {isa = PBXFileReference; fileEncoding = 4; lastKnownFileType = sourcecode.c.objc; name = TileCollectionViewLayout.m; path = Detail/TileCollectionViewLayout.m; sourceTree = "<group>"; };
		DC9B3F041B07156A009EC1D7 /* ToDoCollectionViewCell.h */ = {isa = PBXFileReference; fileEncoding = 4; lastKnownFileType = sourcecode.c.h; name = ToDoCollectionViewCell.h; path = Detail/ToDoCollectionViewCell.h; sourceTree = "<group>"; };
		DC9B3F051B07156A009EC1D7 /* ToDoCollectionViewCell.m */ = {isa = PBXFileReference; fileEncoding = 4; lastKnownFileType = sourcecode.c.objc; name = ToDoCollectionViewCell.m; path = Detail/ToDoCollectionViewCell.m; sourceTree = "<group>"; };
		DC9B3F061B07156A009EC1D7 /* ToDoCollectionViewCell.xib */ = {isa = PBXFileReference; fileEncoding = 4; lastKnownFileType = file.xib; name = ToDoCollectionViewCell.xib; path = Detail/ToDoCollectionViewCell.xib; sourceTree = "<group>"; };
		DC9B3F071B07156A009EC1D7 /* TopMomentsCollectionViewCell.h */ = {isa = PBXFileReference; fileEncoding = 4; lastKnownFileType = sourcecode.c.h; name = TopMomentsCollectionViewCell.h; path = Detail/TopMomentsCollectionViewCell.h; sourceTree = "<group>"; };
		DC9B3F081B07156A009EC1D7 /* TopMomentsCollectionViewCell.m */ = {isa = PBXFileReference; fileEncoding = 4; lastKnownFileType = sourcecode.c.objc; name = TopMomentsCollectionViewCell.m; path = Detail/TopMomentsCollectionViewCell.m; sourceTree = "<group>"; };
		DC9B3F091B07156A009EC1D7 /* TopMomentsCollectionViewCell.xib */ = {isa = PBXFileReference; fileEncoding = 4; lastKnownFileType = file.xib; name = TopMomentsCollectionViewCell.xib; path = Detail/TopMomentsCollectionViewCell.xib; sourceTree = "<group>"; };
		DC9B3F0A1B07156A009EC1D7 /* TripDetailCollectionViewCell.h */ = {isa = PBXFileReference; fileEncoding = 4; lastKnownFileType = sourcecode.c.h; name = TripDetailCollectionViewCell.h; path = Detail/TripDetailCollectionViewCell.h; sourceTree = "<group>"; };
		DC9B3F0B1B07156A009EC1D7 /* TripDetailCollectionViewCell.m */ = {isa = PBXFileReference; fileEncoding = 4; lastKnownFileType = sourcecode.c.objc; name = TripDetailCollectionViewCell.m; path = Detail/TripDetailCollectionViewCell.m; sourceTree = "<group>"; };
		DC9B3F0C1B07156A009EC1D7 /* TripDetailCollectionViewCell.xib */ = {isa = PBXFileReference; fileEncoding = 4; lastKnownFileType = file.xib; name = TripDetailCollectionViewCell.xib; path = Detail/TripDetailCollectionViewCell.xib; sourceTree = "<group>"; };
		DC9B3F0D1B07156A009EC1D7 /* WeatherCollectionViewCell.h */ = {isa = PBXFileReference; fileEncoding = 4; lastKnownFileType = sourcecode.c.h; name = WeatherCollectionViewCell.h; path = Detail/WeatherCollectionViewCell.h; sourceTree = "<group>"; };
		DC9B3F0E1B07156A009EC1D7 /* WeatherCollectionViewCell.m */ = {isa = PBXFileReference; fileEncoding = 4; lastKnownFileType = sourcecode.c.objc; name = WeatherCollectionViewCell.m; path = Detail/WeatherCollectionViewCell.m; sourceTree = "<group>"; };
		DC9B3F0F1B07156A009EC1D7 /* WeatherCollectionViewCell.xib */ = {isa = PBXFileReference; fileEncoding = 4; lastKnownFileType = file.xib; name = WeatherCollectionViewCell.xib; path = Detail/WeatherCollectionViewCell.xib; sourceTree = "<group>"; };
		DCA09E7A1AFDF27D00D96118 /* Timeline.app */ = {isa = PBXFileReference; explicitFileType = wrapper.application; includeInIndex = 0; path = Timeline.app; sourceTree = BUILT_PRODUCTS_DIR; };
		DCA09E7E1AFDF27D00D96118 /* Info.plist */ = {isa = PBXFileReference; lastKnownFileType = text.plist.xml; path = Info.plist; sourceTree = "<group>"; };
		DCA09E7F1AFDF27D00D96118 /* main.m */ = {isa = PBXFileReference; lastKnownFileType = sourcecode.c.objc; path = main.m; sourceTree = "<group>"; };
		DCA09E811AFDF27D00D96118 /* AppDelegate.h */ = {isa = PBXFileReference; lastKnownFileType = sourcecode.c.h; path = AppDelegate.h; sourceTree = "<group>"; };
		DCA09E821AFDF27D00D96118 /* AppDelegate.m */ = {isa = PBXFileReference; lastKnownFileType = sourcecode.c.objc; path = AppDelegate.m; sourceTree = "<group>"; };
		DCA09E841AFDF27D00D96118 /* ViewController.h */ = {isa = PBXFileReference; lastKnownFileType = sourcecode.c.h; path = ViewController.h; sourceTree = "<group>"; };
		DCA09E851AFDF27D00D96118 /* ViewController.m */ = {isa = PBXFileReference; lastKnownFileType = sourcecode.c.objc; path = ViewController.m; sourceTree = "<group>"; };
		DCA09E881AFDF27D00D96118 /* Base */ = {isa = PBXFileReference; lastKnownFileType = file.storyboard; name = Base; path = Base.lproj/Main.storyboard; sourceTree = "<group>"; };
		DCA09E8A1AFDF27D00D96118 /* Images.xcassets */ = {isa = PBXFileReference; lastKnownFileType = folder.assetcatalog; path = Images.xcassets; sourceTree = "<group>"; };
		DCA09E8D1AFDF27D00D96118 /* Base */ = {isa = PBXFileReference; lastKnownFileType = file.xib; name = Base; path = Base.lproj/LaunchScreen.xib; sourceTree = "<group>"; };
		DCA09E981AFDF27D00D96118 /* Info.plist */ = {isa = PBXFileReference; lastKnownFileType = text.plist.xml; path = Info.plist; sourceTree = "<group>"; };
		DCA09E991AFDF27D00D96118 /* TimelineDemoTests.m */ = {isa = PBXFileReference; lastKnownFileType = sourcecode.c.objc; path = TimelineDemoTests.m; sourceTree = "<group>"; };
		DCA09EA51AFDF96700D96118 /* TimelineCollectionViewLayout.h */ = {isa = PBXFileReference; fileEncoding = 4; lastKnownFileType = sourcecode.c.h; path = TimelineCollectionViewLayout.h; sourceTree = "<group>"; };
		DCA09EA61AFDF96700D96118 /* TimelineCollectionViewLayout.m */ = {isa = PBXFileReference; fileEncoding = 4; lastKnownFileType = sourcecode.c.objc; path = TimelineCollectionViewLayout.m; sourceTree = "<group>"; };
		DCA09EA91AFDF9C300D96118 /* TimelineCollectionView.h */ = {isa = PBXFileReference; fileEncoding = 4; lastKnownFileType = sourcecode.c.h; path = TimelineCollectionView.h; sourceTree = "<group>"; };
		DCA09EAA1AFDF9C300D96118 /* TimelineCollectionView.m */ = {isa = PBXFileReference; fileEncoding = 4; lastKnownFileType = sourcecode.c.objc; path = TimelineCollectionView.m; sourceTree = "<group>"; };
		DCA09EAC1AFE039C00D96118 /* TimelineCollectionViewCell.h */ = {isa = PBXFileReference; fileEncoding = 4; lastKnownFileType = sourcecode.c.h; path = TimelineCollectionViewCell.h; sourceTree = "<group>"; };
		DCA09EAD1AFE039C00D96118 /* TimelineCollectionViewCell.m */ = {isa = PBXFileReference; fileEncoding = 4; lastKnownFileType = sourcecode.c.objc; path = TimelineCollectionViewCell.m; sourceTree = "<group>"; };
		DCA09EAE1AFE039C00D96118 /* TimelineCollectionViewCell.xib */ = {isa = PBXFileReference; fileEncoding = 4; lastKnownFileType = file.xib; path = TimelineCollectionViewCell.xib; sourceTree = "<group>"; };
		DCA09EB11AFE03B100D96118 /* DateCollectionViewCell.h */ = {isa = PBXFileReference; fileEncoding = 4; lastKnownFileType = sourcecode.c.h; path = DateCollectionViewCell.h; sourceTree = "<group>"; };
		DCA09EB21AFE03B100D96118 /* DateCollectionViewCell.m */ = {isa = PBXFileReference; fileEncoding = 4; lastKnownFileType = sourcecode.c.objc; path = DateCollectionViewCell.m; sourceTree = "<group>"; };
		DCA09EB31AFE03B100D96118 /* DateCollectionViewCell.xib */ = {isa = PBXFileReference; fileEncoding = 4; lastKnownFileType = file.xib; path = DateCollectionViewCell.xib; sourceTree = "<group>"; };
		DCB27E981B02086E007E50FF /* UICollectionViewLayoutAttributesWithAnimation.h */ = {isa = PBXFileReference; fileEncoding = 4; lastKnownFileType = sourcecode.c.h; path = UICollectionViewLayoutAttributesWithAnimation.h; sourceTree = "<group>"; };
		DCB27E991B02086E007E50FF /* UICollectionViewLayoutAttributesWithAnimation.m */ = {isa = PBXFileReference; fileEncoding = 4; lastKnownFileType = sourcecode.c.objc; path = UICollectionViewLayoutAttributesWithAnimation.m; sourceTree = "<group>"; };
		DCE51FBB1AFE3477000F5763 /* MtZendoLib.xcodeproj */ = {isa = PBXFileReference; lastKnownFileType = "wrapper.pb-project"; name = MtZendoLib.xcodeproj; path = DigitalMtLib/MtZendoLib.xcodeproj; sourceTree = "<group>"; };
		DCE51FC61AFE3498000F5763 /* CoreMotion.framework */ = {isa = PBXFileReference; lastKnownFileType = wrapper.framework; name = CoreMotion.framework; path = System/Library/Frameworks/CoreMotion.framework; sourceTree = SDKROOT; };
		DCE51FC91AFE358B000F5763 /* CoreData.framework */ = {isa = PBXFileReference; lastKnownFileType = wrapper.framework; name = CoreData.framework; path = System/Library/Frameworks/CoreData.framework; sourceTree = SDKROOT; };
/* End PBXFileReference section */

/* Begin PBXFrameworksBuildPhase section */
		DCA09E771AFDF27D00D96118 /* Frameworks */ = {
			isa = PBXFrameworksBuildPhase;
			buildActionMask = 2147483647;
			files = (
				DCE51FCA1AFE358B000F5763 /* CoreData.framework in Frameworks */,
				DCE51FC81AFE34C8000F5763 /* libMtZendoLib.a in Frameworks */,
				DCE51FC71AFE3498000F5763 /* CoreMotion.framework in Frameworks */,
			);
			runOnlyForDeploymentPostprocessing = 0;
		};
/* End PBXFrameworksBuildPhase section */

/* Begin PBXGroup section */
		DC62B4381B04A99300158525 /* Timeline */ = {
			isa = PBXGroup;
			children = (
				DCA09EA91AFDF9C300D96118 /* TimelineCollectionView.h */,
				DCA09EAA1AFDF9C300D96118 /* TimelineCollectionView.m */,
				DCA09EA51AFDF96700D96118 /* TimelineCollectionViewLayout.h */,
				DCA09EA61AFDF96700D96118 /* TimelineCollectionViewLayout.m */,
				DCB27E981B02086E007E50FF /* UICollectionViewLayoutAttributesWithAnimation.h */,
				DCB27E991B02086E007E50FF /* UICollectionViewLayoutAttributesWithAnimation.m */,
				DC13F5C11AFF606200017A33 /* NumberView.h */,
				DC13F5C21AFF606200017A33 /* NumberView.m */,
				DC13F5BB1AFF604D00017A33 /* NumberCollectionViewCell.h */,
				DC13F5BC1AFF604D00017A33 /* NumberCollectionViewCell.m */,
				DC13F5BD1AFF604D00017A33 /* NumberCollectionViewCell.xib */,
				DCA09EAC1AFE039C00D96118 /* TimelineCollectionViewCell.h */,
				DCA09EAD1AFE039C00D96118 /* TimelineCollectionViewCell.m */,
				DCA09EAE1AFE039C00D96118 /* TimelineCollectionViewCell.xib */,
				DCA09EB11AFE03B100D96118 /* DateCollectionViewCell.h */,
				DCA09EB21AFE03B100D96118 /* DateCollectionViewCell.m */,
				DCA09EB31AFE03B100D96118 /* DateCollectionViewCell.xib */,
				DC953B0F1B00A16500374724 /* DateCollectionViewCell-RightSide.xib */,
			);
			name = Timeline;
			sourceTree = "<group>";
		};
		DC62B43C1B04AE6E00158525 /* Detail */ = {
			isa = PBXGroup;
			children = (
				DC9B3EF41B07156A009EC1D7 /* MapCollectionViewCell.h */,
				DC9B3EF51B07156A009EC1D7 /* MapCollectionViewCell.m */,
				DC9B3EF61B07156A009EC1D7 /* MapCollectionViewCell.xib */,
				DC9B3EF71B07156A009EC1D7 /* NoteCollectionViewCell.h */,
				DC9B3EF81B07156A009EC1D7 /* NoteCollectionViewCell.m */,
				DC9B3EF91B07156A009EC1D7 /* NoteCollectionViewCell.xib */,
				DC9B3EFA1B07156A009EC1D7 /* PBCollectionViewCell.h */,
				DC9B3EFB1B07156A009EC1D7 /* PBCollectionViewCell.m */,
				DC9B3EFC1B07156A009EC1D7 /* PhotoCollectionViewCell.h */,
				DC9B3EFD1B07156A009EC1D7 /* PhotoCollectionViewCell.m */,
				DC9B3EFE1B07156A009EC1D7 /* PhotoCollectionViewCell.xib */,
				DC9B3EFF1B07156A009EC1D7 /* PlacesCollectionViewCell.h */,
				DC9B3F001B07156A009EC1D7 /* PlacesCollectionViewCell.m */,
				DC9B3F011B07156A009EC1D7 /* PlacesCollectionViewCell.xib */,
				DC9B3F021B07156A009EC1D7 /* TileCollectionViewLayout.h */,
				DC9B3F031B07156A009EC1D7 /* TileCollectionViewLayout.m */,
				DC9B3F041B07156A009EC1D7 /* ToDoCollectionViewCell.h */,
				DC9B3F051B07156A009EC1D7 /* ToDoCollectionViewCell.m */,
				DC9B3F061B07156A009EC1D7 /* ToDoCollectionViewCell.xib */,
				DC9B3F071B07156A009EC1D7 /* TopMomentsCollectionViewCell.h */,
				DC9B3F081B07156A009EC1D7 /* TopMomentsCollectionViewCell.m */,
				DC9B3F091B07156A009EC1D7 /* TopMomentsCollectionViewCell.xib */,
				DC9B3F0A1B07156A009EC1D7 /* TripDetailCollectionViewCell.h */,
				DC9B3F0B1B07156A009EC1D7 /* TripDetailCollectionViewCell.m */,
				DC9B3F0C1B07156A009EC1D7 /* TripDetailCollectionViewCell.xib */,
				DC9B3F0D1B07156A009EC1D7 /* WeatherCollectionViewCell.h */,
				DC9B3F0E1B07156A009EC1D7 /* WeatherCollectionViewCell.m */,
				DC9B3F0F1B07156A009EC1D7 /* WeatherCollectionViewCell.xib */,
			);
			name = Detail;
			sourceTree = "<group>";
		};
		DCA09E711AFDF27D00D96118 = {
			isa = PBXGroup;
			children = (
				DCE51FC91AFE358B000F5763 /* CoreData.framework */,
				DCE51FC61AFE3498000F5763 /* CoreMotion.framework */,
				DCE51FBB1AFE3477000F5763 /* MtZendoLib.xcodeproj */,
				DCA09E7C1AFDF27D00D96118 /* TimelineDemo */,
				DCA09E961AFDF27D00D96118 /* TimelineDemoTests */,
				DCA09E7B1AFDF27D00D96118 /* Products */,
			);
			sourceTree = "<group>";
		};
		DCA09E7B1AFDF27D00D96118 /* Products */ = {
			isa = PBXGroup;
			children = (
				DCA09E7A1AFDF27D00D96118 /* Timeline.app */,
			);
			name = Products;
			sourceTree = "<group>";
		};
		DCA09E7C1AFDF27D00D96118 /* TimelineDemo */ = {
			isa = PBXGroup;
			children = (
				DC62B43C1B04AE6E00158525 /* Detail */,
				DC62B4381B04A99300158525 /* Timeline */,
				DCA09E811AFDF27D00D96118 /* AppDelegate.h */,
				DCA09E821AFDF27D00D96118 /* AppDelegate.m */,
				DCA09E841AFDF27D00D96118 /* ViewController.h */,
				DCA09E851AFDF27D00D96118 /* ViewController.m */,
				DC62B4391B04AD3100158525 /* DetailViewController.h */,
				DC62B43A1B04AD3100158525 /* DetailViewController.m */,
				DCA09E871AFDF27D00D96118 /* Main.storyboard */,
				DCA09E8A1AFDF27D00D96118 /* Images.xcassets */,
				DCA09E8C1AFDF27D00D96118 /* LaunchScreen.xib */,
				DCA09E7D1AFDF27D00D96118 /* Supporting Files */,
			);
			path = TimelineDemo;
			sourceTree = "<group>";
		};
		DCA09E7D1AFDF27D00D96118 /* Supporting Files */ = {
			isa = PBXGroup;
			children = (
				DC62B4421B04C94700158525 /* PredefinedColors.plist */,
				DCA09E7E1AFDF27D00D96118 /* Info.plist */,
				DCA09E7F1AFDF27D00D96118 /* main.m */,
			);
			name = "Supporting Files";
			sourceTree = "<group>";
		};
		DCA09E961AFDF27D00D96118 /* TimelineDemoTests */ = {
			isa = PBXGroup;
			children = (
				DCA09E991AFDF27D00D96118 /* TimelineDemoTests.m */,
				DCA09E971AFDF27D00D96118 /* Supporting Files */,
			);
			path = TimelineDemoTests;
			sourceTree = "<group>";
		};
		DCA09E971AFDF27D00D96118 /* Supporting Files */ = {
			isa = PBXGroup;
			children = (
				DCA09E981AFDF27D00D96118 /* Info.plist */,
			);
			name = "Supporting Files";
			sourceTree = "<group>";
		};
		DCE51FBC1AFE3477000F5763 /* Products */ = {
			isa = PBXGroup;
			children = (
				DCE51FC11AFE3478000F5763 /* libMtZendoLib.a */,
				DCE51FC31AFE3478000F5763 /* LibDemoTests.xctest */,
			);
			name = Products;
			sourceTree = "<group>";
		};
/* End PBXGroup section */

/* Begin PBXNativeTarget section */
		DCA09E791AFDF27D00D96118 /* Timeline */ = {
			isa = PBXNativeTarget;
			buildConfigurationList = DCA09E9D1AFDF27D00D96118 /* Build configuration list for PBXNativeTarget "Timeline" */;
			buildPhases = (
				DCA09E761AFDF27D00D96118 /* Sources */,
				DCA09E771AFDF27D00D96118 /* Frameworks */,
				DCA09E781AFDF27D00D96118 /* Resources */,
			);
			buildRules = (
			);
			dependencies = (
				DCE51FC51AFE348E000F5763 /* PBXTargetDependency */,
			);
			name = Timeline;
			productName = TimelineDemo;
			productReference = DCA09E7A1AFDF27D00D96118 /* Timeline.app */;
			productType = "com.apple.product-type.application";
		};
/* End PBXNativeTarget section */

/* Begin PBXProject section */
		DCA09E721AFDF27D00D96118 /* Project object */ = {
			isa = PBXProject;
			attributes = {
				LastUpgradeCheck = 0630;
				ORGANIZATIONNAME = "Mt Zendo Inc.";
				TargetAttributes = {
					DCA09E791AFDF27D00D96118 = {
						CreatedOnToolsVersion = 6.3.1;
					};
				};
			};
			buildConfigurationList = DCA09E751AFDF27D00D96118 /* Build configuration list for PBXProject "Timeline" */;
			compatibilityVersion = "Xcode 3.2";
			developmentRegion = English;
			hasScannedForEncodings = 0;
			knownRegions = (
				en,
				Base,
			);
			mainGroup = DCA09E711AFDF27D00D96118;
			productRefGroup = DCA09E7B1AFDF27D00D96118 /* Products */;
			projectDirPath = "";
			projectReferences = (
				{
					ProductGroup = DCE51FBC1AFE3477000F5763 /* Products */;
					ProjectRef = DCE51FBB1AFE3477000F5763 /* MtZendoLib.xcodeproj */;
				},
			);
			projectRoot = "";
			targets = (
				DCA09E791AFDF27D00D96118 /* Timeline */,
			);
		};
/* End PBXProject section */

/* Begin PBXReferenceProxy section */
		DCE51FC11AFE3478000F5763 /* libMtZendoLib.a */ = {
			isa = PBXReferenceProxy;
			fileType = archive.ar;
			path = libMtZendoLib.a;
			remoteRef = DCE51FC01AFE3478000F5763 /* PBXContainerItemProxy */;
			sourceTree = BUILT_PRODUCTS_DIR;
		};
		DCE51FC31AFE3478000F5763 /* LibDemoTests.xctest */ = {
			isa = PBXReferenceProxy;
			fileType = wrapper.cfbundle;
			path = LibDemoTests.xctest;
			remoteRef = DCE51FC21AFE3478000F5763 /* PBXContainerItemProxy */;
			sourceTree = BUILT_PRODUCTS_DIR;
		};
/* End PBXReferenceProxy section */

/* Begin PBXResourcesBuildPhase section */
		DCA09E781AFDF27D00D96118 /* Resources */ = {
			isa = PBXResourcesBuildPhase;
			buildActionMask = 2147483647;
			files = (
				DC62B4431B04C94700158525 /* PredefinedColors.plist in Resources */,
				DCA09E891AFDF27D00D96118 /* Main.storyboard in Resources */,
				DCA09EB01AFE039C00D96118 /* TimelineCollectionViewCell.xib in Resources */,
				DCA09E8E1AFDF27D00D96118 /* LaunchScreen.xib in Resources */,
				DC953B101B00A16500374724 /* DateCollectionViewCell-RightSide.xib in Resources */,
				DC9B3F211B07156A009EC1D7 /* WeatherCollectionViewCell.xib in Resources */,
				DCA09EB51AFE03B100D96118 /* DateCollectionViewCell.xib in Resources */,
				DCA09E8B1AFDF27D00D96118 /* Images.xcassets in Resources */,
				DC9B3F111B07156A009EC1D7 /* MapCollectionViewCell.xib in Resources */,
				DC9B3F1B1B07156A009EC1D7 /* ToDoCollectionViewCell.xib in Resources */,
				DC9B3F181B07156A009EC1D7 /* PlacesCollectionViewCell.xib in Resources */,
				DC9B3F131B07156A009EC1D7 /* NoteCollectionViewCell.xib in Resources */,
				DC9B3F161B07156A009EC1D7 /* PhotoCollectionViewCell.xib in Resources */,
				DC9B3F1F1B07156A009EC1D7 /* TripDetailCollectionViewCell.xib in Resources */,
				DC9B3F1D1B07156A009EC1D7 /* TopMomentsCollectionViewCell.xib in Resources */,
				DC13F5BF1AFF604D00017A33 /* NumberCollectionViewCell.xib in Resources */,
			);
			runOnlyForDeploymentPostprocessing = 0;
		};
/* End PBXResourcesBuildPhase section */

/* Begin PBXSourcesBuildPhase section */
		DCA09E761AFDF27D00D96118 /* Sources */ = {
			isa = PBXSourcesBuildPhase;
			buildActionMask = 2147483647;
			files = (
				DC9B3F1C1B07156A009EC1D7 /* TopMomentsCollectionViewCell.m in Sources */,
				DC9B3F1A1B07156A009EC1D7 /* ToDoCollectionViewCell.m in Sources */,
				DC9B3F121B07156A009EC1D7 /* NoteCollectionViewCell.m in Sources */,
				DCA09E861AFDF27D00D96118 /* ViewController.m in Sources */,
				DCA09EB41AFE03B100D96118 /* DateCollectionViewCell.m in Sources */,
				DC13F5C31AFF606200017A33 /* NumberView.m in Sources */,
				DC9B3F171B07156A009EC1D7 /* PlacesCollectionViewCell.m in Sources */,
				DCA09EAF1AFE039C00D96118 /* TimelineCollectionViewCell.m in Sources */,
				DC9B3F191B07156A009EC1D7 /* TileCollectionViewLayout.m in Sources */,
				DCA09E831AFDF27D00D96118 /* AppDelegate.m in Sources */,
				DC9B3F141B07156A009EC1D7 /* PBCollectionViewCell.m in Sources */,
				DCA09E801AFDF27D00D96118 /* main.m in Sources */,
				DC13F5BE1AFF604D00017A33 /* NumberCollectionViewCell.m in Sources */,
				DC62B43B1B04AD3100158525 /* DetailViewController.m in Sources */,
				DC9B3F1E1B07156A009EC1D7 /* TripDetailCollectionViewCell.m in Sources */,
				DCA09EA81AFDF96700D96118 /* TimelineCollectionViewLayout.m in Sources */,
				DCB27E9A1B02086E007E50FF /* UICollectionViewLayoutAttributesWithAnimation.m in Sources */,
				DC9B3F201B07156A009EC1D7 /* WeatherCollectionViewCell.m in Sources */,
				DCA09EAB1AFDF9C300D96118 /* TimelineCollectionView.m in Sources */,
				DC9B3F151B07156A009EC1D7 /* PhotoCollectionViewCell.m in Sources */,
				DC9B3F101B07156A009EC1D7 /* MapCollectionViewCell.m in Sources */,
			);
			runOnlyForDeploymentPostprocessing = 0;
		};
/* End PBXSourcesBuildPhase section */

/* Begin PBXTargetDependency section */
		DCE51FC51AFE348E000F5763 /* PBXTargetDependency */ = {
			isa = PBXTargetDependency;
			name = MtZendoLib;
			targetProxy = DCE51FC41AFE348E000F5763 /* PBXContainerItemProxy */;
		};
/* End PBXTargetDependency section */

/* Begin PBXVariantGroup section */
		DCA09E871AFDF27D00D96118 /* Main.storyboard */ = {
			isa = PBXVariantGroup;
			children = (
				DCA09E881AFDF27D00D96118 /* Base */,
			);
			name = Main.storyboard;
			sourceTree = "<group>";
		};
		DCA09E8C1AFDF27D00D96118 /* LaunchScreen.xib */ = {
			isa = PBXVariantGroup;
			children = (
				DCA09E8D1AFDF27D00D96118 /* Base */,
			);
			name = LaunchScreen.xib;
			sourceTree = "<group>";
		};
/* End PBXVariantGroup section */

/* Begin XCBuildConfiguration section */
		DCA09E9B1AFDF27D00D96118 /* Debug */ = {
			isa = XCBuildConfiguration;
			buildSettings = {
				ALWAYS_SEARCH_USER_PATHS = NO;
				CLANG_CXX_LANGUAGE_STANDARD = "gnu++0x";
				CLANG_CXX_LIBRARY = "libc++";
				CLANG_ENABLE_MODULES = YES;
				CLANG_ENABLE_OBJC_ARC = YES;
				CLANG_WARN_BOOL_CONVERSION = YES;
				CLANG_WARN_CONSTANT_CONVERSION = YES;
				CLANG_WARN_DIRECT_OBJC_ISA_USAGE = YES_ERROR;
				CLANG_WARN_EMPTY_BODY = YES;
				CLANG_WARN_ENUM_CONVERSION = YES;
				CLANG_WARN_INT_CONVERSION = YES;
				CLANG_WARN_OBJC_ROOT_CLASS = YES_ERROR;
				CLANG_WARN_UNREACHABLE_CODE = YES;
				CLANG_WARN__DUPLICATE_METHOD_MATCH = YES;
				"CODE_SIGN_IDENTITY[sdk=iphoneos*]" = "iPhone Developer";
				COPY_PHASE_STRIP = NO;
				DEBUG_INFORMATION_FORMAT = "dwarf-with-dsym";
				ENABLE_STRICT_OBJC_MSGSEND = YES;
				GCC_C_LANGUAGE_STANDARD = gnu99;
				GCC_DYNAMIC_NO_PIC = NO;
				GCC_NO_COMMON_BLOCKS = YES;
				GCC_OPTIMIZATION_LEVEL = 0;
				GCC_PREPROCESSOR_DEFINITIONS = (
					"DEBUG=1",
					"$(inherited)",
				);
				GCC_SYMBOLS_PRIVATE_EXTERN = NO;
				GCC_WARN_64_TO_32_BIT_CONVERSION = YES;
				GCC_WARN_ABOUT_RETURN_TYPE = YES_ERROR;
				GCC_WARN_UNDECLARED_SELECTOR = YES;
				GCC_WARN_UNINITIALIZED_AUTOS = YES_AGGRESSIVE;
				GCC_WARN_UNUSED_FUNCTION = YES;
				GCC_WARN_UNUSED_VARIABLE = YES;
				HEADER_SEARCH_PATHS = (
					"$(inherited)",
					/Applications/Xcode.app/Contents/Developer/Toolchains/XcodeDefault.xctoolchain/usr/include,
				);
				IPHONEOS_DEPLOYMENT_TARGET = 8.3;
				MTL_ENABLE_DEBUG_INFO = YES;
				ONLY_ACTIVE_ARCH = YES;
				OTHER_LDFLAGS = (
					"-ObjC",
					"-all_load",
				);
				SDKROOT = iphoneos;
				TARGETED_DEVICE_FAMILY = "1,2";
			};
			name = Debug;
		};
		DCA09E9C1AFDF27D00D96118 /* Release */ = {
			isa = XCBuildConfiguration;
			buildSettings = {
				ALWAYS_SEARCH_USER_PATHS = NO;
				CLANG_CXX_LANGUAGE_STANDARD = "gnu++0x";
				CLANG_CXX_LIBRARY = "libc++";
				CLANG_ENABLE_MODULES = YES;
				CLANG_ENABLE_OBJC_ARC = YES;
				CLANG_WARN_BOOL_CONVERSION = YES;
				CLANG_WARN_CONSTANT_CONVERSION = YES;
				CLANG_WARN_DIRECT_OBJC_ISA_USAGE = YES_ERROR;
				CLANG_WARN_EMPTY_BODY = YES;
				CLANG_WARN_ENUM_CONVERSION = YES;
				CLANG_WARN_INT_CONVERSION = YES;
				CLANG_WARN_OBJC_ROOT_CLASS = YES_ERROR;
				CLANG_WARN_UNREACHABLE_CODE = YES;
				CLANG_WARN__DUPLICATE_METHOD_MATCH = YES;
				"CODE_SIGN_IDENTITY[sdk=iphoneos*]" = "iPhone Developer";
				COPY_PHASE_STRIP = NO;
				DEBUG_INFORMATION_FORMAT = "dwarf-with-dsym";
				ENABLE_NS_ASSERTIONS = NO;
				ENABLE_STRICT_OBJC_MSGSEND = YES;
				GCC_C_LANGUAGE_STANDARD = gnu99;
				GCC_NO_COMMON_BLOCKS = YES;
				GCC_WARN_64_TO_32_BIT_CONVERSION = YES;
				GCC_WARN_ABOUT_RETURN_TYPE = YES_ERROR;
				GCC_WARN_UNDECLARED_SELECTOR = YES;
				GCC_WARN_UNINITIALIZED_AUTOS = YES_AGGRESSIVE;
				GCC_WARN_UNUSED_FUNCTION = YES;
				GCC_WARN_UNUSED_VARIABLE = YES;
				HEADER_SEARCH_PATHS = (
					"$(inherited)",
					/Applications/Xcode.app/Contents/Developer/Toolchains/XcodeDefault.xctoolchain/usr/include,
				);
				IPHONEOS_DEPLOYMENT_TARGET = 8.3;
				MTL_ENABLE_DEBUG_INFO = NO;
				OTHER_LDFLAGS = (
					"-ObjC",
					"-all_load",
				);
				SDKROOT = iphoneos;
				TARGETED_DEVICE_FAMILY = "1,2";
				VALIDATE_PRODUCT = YES;
			};
			name = Release;
		};
		DCA09E9E1AFDF27D00D96118 /* Debug */ = {
			isa = XCBuildConfiguration;
			buildSettings = {
				ASSETCATALOG_COMPILER_APPICON_NAME = AppIcon;
				HEADER_SEARCH_PATHS = (
					"$(inherited)",
					/Applications/Xcode.app/Contents/Developer/Toolchains/XcodeDefault.xctoolchain/usr/include,
					"./**",
				);
				INFOPLIST_FILE = TimelineDemo/Info.plist;
				LD_RUNPATH_SEARCH_PATHS = "$(inherited) @executable_path/Frameworks";
				PRODUCT_NAME = "$(TARGET_NAME)";
			};
			name = Debug;
		};
		DCA09E9F1AFDF27D00D96118 /* Release */ = {
			isa = XCBuildConfiguration;
			buildSettings = {
				ASSETCATALOG_COMPILER_APPICON_NAME = AppIcon;
				HEADER_SEARCH_PATHS = (
					"$(inherited)",
					/Applications/Xcode.app/Contents/Developer/Toolchains/XcodeDefault.xctoolchain/usr/include,
					"./**",
				);
				INFOPLIST_FILE = TimelineDemo/Info.plist;
				LD_RUNPATH_SEARCH_PATHS = "$(inherited) @executable_path/Frameworks";
				PRODUCT_NAME = "$(TARGET_NAME)";
			};
			name = Release;
		};
/* End XCBuildConfiguration section */

/* Begin XCConfigurationList section */
		DCA09E751AFDF27D00D96118 /* Build configuration list for PBXProject "Timeline" */ = {
			isa = XCConfigurationList;
			buildConfigurations = (
				DCA09E9B1AFDF27D00D96118 /* Debug */,
				DCA09E9C1AFDF27D00D96118 /* Release */,
			);
			defaultConfigurationIsVisible = 0;
			defaultConfigurationName = Release;
		};
		DCA09E9D1AFDF27D00D96118 /* Build configuration list for PBXNativeTarget "Timeline" */ = {
			isa = XCConfigurationList;
			buildConfigurations = (
				DCA09E9E1AFDF27D00D96118 /* Debug */,
				DCA09E9F1AFDF27D00D96118 /* Release */,
			);
			defaultConfigurationIsVisible = 0;
			defaultConfigurationName = Release;
		};
/* End XCConfigurationList section */
	};
	rootObject = DCA09E721AFDF27D00D96118 /* Project object */;
}
